// !$*UTF8*$!
{
	archiveVersion = 1;
	classes = {
	};
	objectVersion = 48;
	objects = {

/* Begin PBXBuildFile section */
		6C9097B61F985C440003F18E /* AppDelegate.m in Sources */ = {isa = PBXBuildFile; fileRef = 6C9097B51F985C440003F18E /* AppDelegate.m */; };
		6C9097B91F985C440003F18E /* ViewController.m in Sources */ = {isa = PBXBuildFile; fileRef = 6C9097B81F985C440003F18E /* ViewController.m */; };
		6C9097BC1F985C440003F18E /* Main.storyboard in Resources */ = {isa = PBXBuildFile; fileRef = 6C9097BA1F985C440003F18E /* Main.storyboard */; };
		6C9097BE1F985C440003F18E /* Assets.xcassets in Resources */ = {isa = PBXBuildFile; fileRef = 6C9097BD1F985C440003F18E /* Assets.xcassets */; };
		6C9097C11F985C440003F18E /* LaunchScreen.storyboard in Resources */ = {isa = PBXBuildFile; fileRef = 6C9097BF1F985C440003F18E /* LaunchScreen.storyboard */; };
		6C9097C41F985C440003F18E /* main.m in Sources */ = {isa = PBXBuildFile; fileRef = 6C9097C31F985C440003F18E /* main.m */; };
		6C9097CE1F985C440003F18E /* RuntimeTests.m in Sources */ = {isa = PBXBuildFile; fileRef = 6C9097CD1F985C440003F18E /* RuntimeTests.m */; };
		6C9097D91F985C440003F18E /* RuntimeUITests.m in Sources */ = {isa = PBXBuildFile; fileRef = 6C9097D81F985C440003F18E /* RuntimeUITests.m */; };
/* End PBXBuildFile section */

/* Begin PBXContainerItemProxy section */
		6C9097CA1F985C440003F18E /* PBXContainerItemProxy */ = {
			isa = PBXContainerItemProxy;
			containerPortal = 6C9097A91F985C440003F18E /* Project object */;
			proxyType = 1;
			remoteGlobalIDString = 6C9097B01F985C440003F18E;
			remoteInfo = Runtime;
		};
		6C9097D51F985C440003F18E /* PBXContainerItemProxy */ = {
			isa = PBXContainerItemProxy;
			containerPortal = 6C9097A91F985C440003F18E /* Project object */;
			proxyType = 1;
			remoteGlobalIDString = 6C9097B01F985C440003F18E;
			remoteInfo = Runtime;
		};
/* End PBXContainerItemProxy section */

/* Begin PBXFileReference section */
		6C9097B11F985C440003F18E /* Runtime.app */ = {isa = PBXFileReference; explicitFileType = wrapper.application; includeInIndex = 0; path = Runtime.app; sourceTree = BUILT_PRODUCTS_DIR; };
		6C9097B41F985C440003F18E /* AppDelegate.h */ = {isa = PBXFileReference; lastKnownFileType = sourcecode.c.h; path = AppDelegate.h; sourceTree = "<group>"; };
		6C9097B51F985C440003F18E /* AppDelegate.m */ = {isa = PBXFileReference; lastKnownFileType = sourcecode.c.objc; path = AppDelegate.m; sourceTree = "<group>"; };
		6C9097B71F985C440003F18E /* ViewController.h */ = {isa = PBXFileReference; lastKnownFileType = sourcecode.c.h; path = ViewController.h; sourceTree = "<group>"; };
		6C9097B81F985C440003F18E /* ViewController.m */ = {isa = PBXFileReference; lastKnownFileType = sourcecode.c.objc; path = ViewController.m; sourceTree = "<group>"; };
		6C9097BB1F985C440003F18E /* Base */ = {isa = PBXFileReference; lastKnownFileType = file.storyboard; name = Base; path = Base.lproj/Main.storyboard; sourceTree = "<group>"; };
		6C9097BD1F985C440003F18E /* Assets.xcassets */ = {isa = PBXFileReference; lastKnownFileType = folder.assetcatalog; path = Assets.xcassets; sourceTree = "<group>"; };
		6C9097C01F985C440003F18E /* Base */ = {isa = PBXFileReference; lastKnownFileType = file.storyboard; name = Base; path = Base.lproj/LaunchScreen.storyboard; sourceTree = "<group>"; };
		6C9097C21F985C440003F18E /* Info.plist */ = {isa = PBXFileReference; lastKnownFileType = text.plist.xml; path = Info.plist; sourceTree = "<group>"; };
		6C9097C31F985C440003F18E /* main.m */ = {isa = PBXFileReference; lastKnownFileType = sourcecode.c.objc; path = main.m; sourceTree = "<group>"; };
		6C9097C91F985C440003F18E /* RuntimeTests.xctest */ = {isa = PBXFileReference; explicitFileType = wrapper.cfbundle; includeInIndex = 0; path = RuntimeTests.xctest; sourceTree = BUILT_PRODUCTS_DIR; };
		6C9097CD1F985C440003F18E /* RuntimeTests.m */ = {isa = PBXFileReference; lastKnownFileType = sourcecode.c.objc; path = RuntimeTests.m; sourceTree = "<group>"; };
		6C9097CF1F985C440003F18E /* Info.plist */ = {isa = PBXFileReference; lastKnownFileType = text.plist.xml; path = Info.plist; sourceTree = "<group>"; };
		6C9097D41F985C440003F18E /* RuntimeUITests.xctest */ = {isa = PBXFileReference; explicitFileType = wrapper.cfbundle; includeInIndex = 0; path = RuntimeUITests.xctest; sourceTree = BUILT_PRODUCTS_DIR; };
		6C9097D81F985C440003F18E /* RuntimeUITests.m */ = {isa = PBXFileReference; lastKnownFileType = sourcecode.c.objc; path = RuntimeUITests.m; sourceTree = "<group>"; };
		6C9097DA1F985C440003F18E /* Info.plist */ = {isa = PBXFileReference; lastKnownFileType = text.plist.xml; path = Info.plist; sourceTree = "<group>"; };
/* End PBXFileReference section */

/* Begin PBXFrameworksBuildPhase section */
		6C9097AE1F985C440003F18E /* Frameworks */ = {
			isa = PBXFrameworksBuildPhase;
			buildActionMask = 2147483647;
			files = (
			);
			runOnlyForDeploymentPostprocessing = 0;
		};
		6C9097C61F985C440003F18E /* Frameworks */ = {
			isa = PBXFrameworksBuildPhase;
			buildActionMask = 2147483647;
			files = (
			);
			runOnlyForDeploymentPostprocessing = 0;
		};
		6C9097D11F985C440003F18E /* Frameworks */ = {
			isa = PBXFrameworksBuildPhase;
			buildActionMask = 2147483647;
			files = (
			);
			runOnlyForDeploymentPostprocessing = 0;
		};
/* End PBXFrameworksBuildPhase section */

/* Begin PBXGroup section */
		6C9097A81F985C440003F18E = {
			isa = PBXGroup;
			children = (
				6C9097B31F985C440003F18E /* Runtime */,
				6C9097CC1F985C440003F18E /* RuntimeTests */,
				6C9097D71F985C440003F18E /* RuntimeUITests */,
				6C9097B21F985C440003F18E /* Products */,
			);
			sourceTree = "<group>";
		};
		6C9097B21F985C440003F18E /* Products */ = {
			isa = PBXGroup;
			children = (
				6C9097B11F985C440003F18E /* Runtime.app */,
				6C9097C91F985C440003F18E /* RuntimeTests.xctest */,
				6C9097D41F985C440003F18E /* RuntimeUITests.xctest */,
			);
			name = Products;
			sourceTree = "<group>";
		};
		6C9097B31F985C440003F18E /* Runtime */ = {
			isa = PBXGroup;
			children = (
				6C9097B41F985C440003F18E /* AppDelegate.h */,
				6C9097B51F985C440003F18E /* AppDelegate.m */,
				6C9097B71F985C440003F18E /* ViewController.h */,
				6C9097B81F985C440003F18E /* ViewController.m */,
				6C9097BA1F985C440003F18E /* Main.storyboard */,
				6C9097BD1F985C440003F18E /* Assets.xcassets */,
				6C9097BF1F985C440003F18E /* LaunchScreen.storyboard */,
				6C9097C21F985C440003F18E /* Info.plist */,
				6C9097C31F985C440003F18E /* main.m */,
			);
			path = Runtime;
			sourceTree = "<group>";
		};
		6C9097CC1F985C440003F18E /* RuntimeTests */ = {
			isa = PBXGroup;
			children = (
				6C9097CD1F985C440003F18E /* RuntimeTests.m */,
				6C9097CF1F985C440003F18E /* Info.plist */,
			);
			path = RuntimeTests;
			sourceTree = "<group>";
		};
		6C9097D71F985C440003F18E /* RuntimeUITests */ = {
			isa = PBXGroup;
			children = (
				6C9097D81F985C440003F18E /* RuntimeUITests.m */,
				6C9097DA1F985C440003F18E /* Info.plist */,
			);
			path = RuntimeUITests;
			sourceTree = "<group>";
		};
/* End PBXGroup section */

/* Begin PBXNativeTarget section */
		6C9097B01F985C440003F18E /* Runtime */ = {
			isa = PBXNativeTarget;
			buildConfigurationList = 6C9097DD1F985C440003F18E /* Build configuration list for PBXNativeTarget "Runtime" */;
			buildPhases = (
				6C9097AD1F985C440003F18E /* Sources */,
				6C9097AE1F985C440003F18E /* Frameworks */,
				6C9097AF1F985C440003F18E /* Resources */,
			);
			buildRules = (
			);
			dependencies = (
			);
			name = Runtime;
			productName = Runtime;
			productReference = 6C9097B11F985C440003F18E /* Runtime.app */;
			productType = "com.apple.product-type.application";
		};
		6C9097C81F985C440003F18E /* RuntimeTests */ = {
			isa = PBXNativeTarget;
			buildConfigurationList = 6C9097E01F985C440003F18E /* Build configuration list for PBXNativeTarget "RuntimeTests" */;
			buildPhases = (
				6C9097C51F985C440003F18E /* Sources */,
				6C9097C61F985C440003F18E /* Frameworks */,
				6C9097C71F985C440003F18E /* Resources */,
			);
			buildRules = (
			);
			dependencies = (
				6C9097CB1F985C440003F18E /* PBXTargetDependency */,
			);
			name = RuntimeTests;
			productName = RuntimeTests;
			productReference = 6C9097C91F985C440003F18E /* RuntimeTests.xctest */;
			productType = "com.apple.product-type.bundle.unit-test";
		};
		6C9097D31F985C440003F18E /* RuntimeUITests */ = {
			isa = PBXNativeTarget;
			buildConfigurationList = 6C9097E31F985C440003F18E /* Build configuration list for PBXNativeTarget "RuntimeUITests" */;
			buildPhases = (
				6C9097D01F985C440003F18E /* Sources */,
				6C9097D11F985C440003F18E /* Frameworks */,
				6C9097D21F985C440003F18E /* Resources */,
			);
			buildRules = (
			);
			dependencies = (
				6C9097D61F985C440003F18E /* PBXTargetDependency */,
			);
			name = RuntimeUITests;
			productName = RuntimeUITests;
			productReference = 6C9097D41F985C440003F18E /* RuntimeUITests.xctest */;
			productType = "com.apple.product-type.bundle.ui-testing";
		};
/* End PBXNativeTarget section */

/* Begin PBXProject section */
		6C9097A91F985C440003F18E /* Project object */ = {
			isa = PBXProject;
			attributes = {
				LastUpgradeCheck = 0900;
				ORGANIZATIONNAME = "Shaoting Zhou";
				TargetAttributes = {
					6C9097B01F985C440003F18E = {
						CreatedOnToolsVersion = 9.0;
						ProvisioningStyle = Automatic;
					};
					6C9097C81F985C440003F18E = {
						CreatedOnToolsVersion = 9.0;
						ProvisioningStyle = Automatic;
						TestTargetID = 6C9097B01F985C440003F18E;
					};
					6C9097D31F985C440003F18E = {
						CreatedOnToolsVersion = 9.0;
						ProvisioningStyle = Automatic;
						TestTargetID = 6C9097B01F985C440003F18E;
					};
				};
			};
			buildConfigurationList = 6C9097AC1F985C440003F18E /* Build configuration list for PBXProject "Runtime" */;
			compatibilityVersion = "Xcode 8.0";
			developmentRegion = en;
			hasScannedForEncodings = 0;
			knownRegions = (
				en,
				Base,
			);
			mainGroup = 6C9097A81F985C440003F18E;
			productRefGroup = 6C9097B21F985C440003F18E /* Products */;
			projectDirPath = "";
			projectRoot = "";
			targets = (
				6C9097B01F985C440003F18E /* Runtime */,
				6C9097C81F985C440003F18E /* RuntimeTests */,
				6C9097D31F985C440003F18E /* RuntimeUITests */,
			);
		};
/* End PBXProject section */

/* Begin PBXResourcesBuildPhase section */
		6C9097AF1F985C440003F18E /* Resources */ = {
			isa = PBXResourcesBuildPhase;
			buildActionMask = 2147483647;
			files = (
				6C9097C11F985C440003F18E /* LaunchScreen.storyboard in Resources */,
				6C9097BE1F985C440003F18E /* Assets.xcassets in Resources */,
				6C9097BC1F985C440003F18E /* Main.storyboard in Resources */,
			);
			runOnlyForDeploymentPostprocessing = 0;
		};
		6C9097C71F985C440003F18E /* Resources */ = {
			isa = PBXResourcesBuildPhase;
			buildActionMask = 2147483647;
			files = (
			);
			runOnlyForDeploymentPostprocessing = 0;
		};
		6C9097D21F985C440003F18E /* Resources */ = {
			isa = PBXResourcesBuildPhase;
			buildActionMask = 2147483647;
			files = (
			);
			runOnlyForDeploymentPostprocessing = 0;
		};
/* End PBXResourcesBuildPhase section */

/* Begin PBXSourcesBuildPhase section */
		6C9097AD1F985C440003F18E /* Sources */ = {
			isa = PBXSourcesBuildPhase;
			buildActionMask = 2147483647;
			files = (
				6C9097B91F985C440003F18E /* ViewController.m in Sources */,
				6C9097C41F985C440003F18E /* main.m in Sources */,
				6C9097B61F985C440003F18E /* AppDelegate.m in Sources */,
			);
			runOnlyForDeploymentPostprocessing = 0;
		};
		6C9097C51F985C440003F18E /* Sources */ = {
			isa = PBXSourcesBuildPhase;
			buildActionMask = 2147483647;
			files = (
				6C9097CE1F985C440003F18E /* RuntimeTests.m in Sources */,
			);
			runOnlyForDeploymentPostprocessing = 0;
		};
		6C9097D01F985C440003F18E /* Sources */ = {
			isa = PBXSourcesBuildPhase;
			buildActionMask = 2147483647;
			files = (
				6C9097D91F985C440003F18E /* RuntimeUITests.m in Sources */,
			);
			runOnlyForDeploymentPostprocessing = 0;
		};
/* End PBXSourcesBuildPhase section */

/* Begin PBXTargetDependency section */
		6C9097CB1F985C440003F18E /* PBXTargetDependency */ = {
			isa = PBXTargetDependency;
			target = 6C9097B01F985C440003F18E /* Runtime */;
			targetProxy = 6C9097CA1F985C440003F18E /* PBXContainerItemProxy */;
		};
		6C9097D61F985C440003F18E /* PBXTargetDependency */ = {
			isa = PBXTargetDependency;
			target = 6C9097B01F985C440003F18E /* Runtime */;
			targetProxy = 6C9097D51F985C440003F18E /* PBXContainerItemProxy */;
		};
/* End PBXTargetDependency section */

/* Begin PBXVariantGroup section */
		6C9097BA1F985C440003F18E /* Main.storyboard */ = {
			isa = PBXVariantGroup;
			children = (
				6C9097BB1F985C440003F18E /* Base */,
			);
			name = Main.storyboard;
			sourceTree = "<group>";
		};
		6C9097BF1F985C440003F18E /* LaunchScreen.storyboard */ = {
			isa = PBXVariantGroup;
			children = (
				6C9097C01F985C440003F18E /* Base */,
			);
			name = LaunchScreen.storyboard;
			sourceTree = "<group>";
		};
/* End PBXVariantGroup section */

/* Begin XCBuildConfiguration section */
		6C9097DB1F985C440003F18E /* Debug */ = {
			isa = XCBuildConfiguration;
			buildSettings = {
				ALWAYS_SEARCH_USER_PATHS = NO;
				CLANG_ANALYZER_NONNULL = YES;
				CLANG_ANALYZER_NUMBER_OBJECT_CONVERSION = YES_AGGRESSIVE;
				CLANG_CXX_LANGUAGE_STANDARD = "gnu++14";
				CLANG_CXX_LIBRARY = "libc++";
				CLANG_ENABLE_MODULES = YES;
				CLANG_ENABLE_OBJC_ARC = YES;
				CLANG_WARN_BLOCK_CAPTURE_AUTORELEASING = YES;
				CLANG_WARN_BOOL_CONVERSION = YES;
				CLANG_WARN_COMMA = YES;
				CLANG_WARN_CONSTANT_CONVERSION = YES;
				CLANG_WARN_DIRECT_OBJC_ISA_USAGE = YES_ERROR;
				CLANG_WARN_DOCUMENTATION_COMMENTS = YES;
				CLANG_WARN_EMPTY_BODY = YES;
				CLANG_WARN_ENUM_CONVERSION = YES;
				CLANG_WARN_INFINITE_RECURSION = YES;
				CLANG_WARN_INT_CONVERSION = YES;
				CLANG_WARN_NON_LITERAL_NULL_CONVERSION = YES;
				CLANG_WARN_OBJC_LITERAL_CONVERSION = YES;
				CLANG_WARN_OBJC_ROOT_CLASS = YES_ERROR;
				CLANG_WARN_RANGE_LOOP_ANALYSIS = YES;
				CLANG_WARN_STRICT_PROTOTYPES = YES;
				CLANG_WARN_SUSPICIOUS_MOVE = YES;
				CLANG_WARN_UNGUARDED_AVAILABILITY = YES_AGGRESSIVE;
				CLANG_WARN_UNREACHABLE_CODE = YES;
				CLANG_WARN__DUPLICATE_METHOD_MATCH = YES;
				CODE_SIGN_IDENTITY = "iPhone Developer";
				COPY_PHASE_STRIP = NO;
				DEBUG_INFORMATION_FORMAT = dwarf;
				ENABLE_STRICT_OBJC_MSGSEND = YES;
				ENABLE_TESTABILITY = YES;
				GCC_C_LANGUAGE_STANDARD = gnu11;
				GCC_DYNAMIC_NO_PIC = NO;
				GCC_NO_COMMON_BLOCKS = YES;
				GCC_OPTIMIZATION_LEVEL = 0;
				GCC_PREPROCESSOR_DEFINITIONS = (
					"DEBUG=1",
					"$(inherited)",
				);
				GCC_WARN_64_TO_32_BIT_CONVERSION = YES;
				GCC_WARN_ABOUT_RETURN_TYPE = YES_ERROR;
				GCC_WARN_UNDECLARED_SELECTOR = YES;
				GCC_WARN_UNINITIALIZED_AUTOS = YES_AGGRESSIVE;
				GCC_WARN_UNUSED_FUNCTION = YES;
				GCC_WARN_UNUSED_VARIABLE = YES;
				IPHONEOS_DEPLOYMENT_TARGET = 11.0;
				MTL_ENABLE_DEBUG_INFO = YES;
				ONLY_ACTIVE_ARCH = YES;
				SDKROOT = iphoneos;
			};
			name = Debug;
		};
		6C9097DC1F985C440003F18E /* Release */ = {
			isa = XCBuildConfiguration;
			buildSettings = {
				ALWAYS_SEARCH_USER_PATHS = NO;
				CLANG_ANALYZER_NONNULL = YES;
				CLANG_ANALYZER_NUMBER_OBJECT_CONVERSION = YES_AGGRESSIVE;
				CLANG_CXX_LANGUAGE_STANDARD = "gnu++14";
				CLANG_CXX_LIBRARY = "libc++";
				CLANG_ENABLE_MODULES = YES;
				CLANG_ENABLE_OBJC_ARC = YES;
				CLANG_WARN_BLOCK_CAPTURE_AUTORELEASING = YES;
				CLANG_WARN_BOOL_CONVERSION = YES;
				CLANG_WARN_COMMA = YES;
				CLANG_WARN_CONSTANT_CONVERSION = YES;
				CLANG_WARN_DIRECT_OBJC_ISA_USAGE = YES_ERROR;
				CLANG_WARN_DOCUMENTATION_COMMENTS = YES;
				CLANG_WARN_EMPTY_BODY = YES;
				CLANG_WARN_ENUM_CONVERSION = YES;
				CLANG_WARN_INFINITE_RECURSION = YES;
				CLANG_WARN_INT_CONVERSION = YES;
				CLANG_WARN_NON_LITERAL_NULL_CONVERSION = YES;
				CLANG_WARN_OBJC_LITERAL_CONVERSION = YES;
				CLANG_WARN_OBJC_ROOT_CLASS = YES_ERROR;
				CLANG_WARN_RANGE_LOOP_ANALYSIS = YES;
				CLANG_WARN_STRICT_PROTOTYPES = YES;
				CLANG_WARN_SUSPICIOUS_MOVE = YES;
				CLANG_WARN_UNGUARDED_AVAILABILITY = YES_AGGRESSIVE;
				CLANG_WARN_UNREACHABLE_CODE = YES;
				CLANG_WARN__DUPLICATE_METHOD_MATCH = YES;
				CODE_SIGN_IDENTITY = "iPhone Developer";
				COPY_PHASE_STRIP = NO;
				DEBUG_INFORMATION_FORMAT = "dwarf-with-dsym";
				ENABLE_NS_ASSERTIONS = NO;
				ENABLE_STRICT_OBJC_MSGSEND = YES;
				GCC_C_LANGUAGE_STANDARD = gnu11;
				GCC_NO_COMMON_BLOCKS = YES;
				GCC_WARN_64_TO_32_BIT_CONVERSION = YES;
				GCC_WARN_ABOUT_RETURN_TYPE = YES_ERROR;
				GCC_WARN_UNDECLARED_SELECTOR = YES;
				GCC_WARN_UNINITIALIZED_AUTOS = YES_AGGRESSIVE;
				GCC_WARN_UNUSED_FUNCTION = YES;
				GCC_WARN_UNUSED_VARIABLE = YES;
				IPHONEOS_DEPLOYMENT_TARGET = 11.0;
				MTL_ENABLE_DEBUG_INFO = NO;
				SDKROOT = iphoneos;
				VALIDATE_PRODUCT = YES;
			};
			name = Release;
		};
		6C9097DE1F985C440003F18E /* Debug */ = {
			isa = XCBuildConfiguration;
			buildSettings = {
				ASSETCATALOG_COMPILER_APPICON_NAME = AppIcon;
				CODE_SIGN_STYLE = Automatic;
				DEVELOPMENT_TEAM = U4629HP3VA;
				INFOPLIST_FILE = Runtime/Info.plist;
				LD_RUNPATH_SEARCH_PATHS = "$(inherited) @executable_path/Frameworks";
				PRODUCT_BUNDLE_IDENTIFIER = "Shaoting-Zhou.Runtime";
				PRODUCT_NAME = "$(TARGET_NAME)";
				TARGETED_DEVICE_FAMILY = "1,2";
			};
			name = Debug;
		};
		6C9097DF1F985C440003F18E /* Release */ = {
			isa = XCBuildConfiguration;
			buildSettings = {
				ASSETCATALOG_COMPILER_APPICON_NAME = AppIcon;
				CODE_SIGN_STYLE = Automatic;
				DEVELOPMENT_TEAM = U4629HP3VA;
				INFOPLIST_FILE = Runtime/Info.plist;
				LD_RUNPATH_SEARCH_PATHS = "$(inherited) @executable_path/Frameworks";
				PRODUCT_BUNDLE_IDENTIFIER = "Shaoting-Zhou.Runtime";
				PRODUCT_NAME = "$(TARGET_NAME)";
				TARGETED_DEVICE_FAMILY = "1,2";
			};
			name = Release;
		};
		6C9097E11F985C440003F18E /* Debug */ = {
			isa = XCBuildConfiguration;
			buildSettings = {
				BUNDLE_LOADER = "$(TEST_HOST)";
				CODE_SIGN_STYLE = Automatic;
				DEVELOPMENT_TEAM = U4629HP3VA;
				INFOPLIST_FILE = RuntimeTests/Info.plist;
				LD_RUNPATH_SEARCH_PATHS = "$(inherited) @executable_path/Frameworks @loader_path/Frameworks";
				PRODUCT_BUNDLE_IDENTIFIER = "Shaoting-Zhou.RuntimeTests";
				PRODUCT_NAME = "$(TARGET_NAME)";
				TARGETED_DEVICE_FAMILY = "1,2";
				TEST_HOST = "$(BUILT_PRODUCTS_DIR)/Runtime.app/Runtime";
			};
			name = Debug;
		};
		6C9097E21F985C440003F18E /* Release */ = {
			isa = XCBuildConfiguration;
			buildSettings = {
				BUNDLE_LOADER = "$(TEST_HOST)";
				CODE_SIGN_STYLE = Automatic;
				DEVELOPMENT_TEAM = U4629HP3VA;
				INFOPLIST_FILE = RuntimeTests/Info.plist;
				LD_RUNPATH_SEARCH_PATHS = "$(inherited) @executable_path/Frameworks @loader_path/Frameworks";
				PRODUCT_BUNDLE_IDENTIFIER = "Shaoting-Zhou.RuntimeTests";
				PRODUCT_NAME = "$(TARGET_NAME)";
				TARGETED_DEVICE_FAMILY = "1,2";
				TEST_HOST = "$(BUILT_PRODUCTS_DIR)/Runtime.app/Runtime";
			};
			name = Release;
		};
		6C9097E41F985C440003F18E /* Debug */ = {
			isa = XCBuildConfiguration;
			buildSettings = {
				CODE_SIGN_STYLE = Automatic;
				DEVELOPMENT_TEAM = U4629HP3VA;
				INFOPLIST_FILE = RuntimeUITests/Info.plist;
				LD_RUNPATH_SEARCH_PATHS = "$(inherited) @executable_path/Frameworks @loader_path/Frameworks";
				PRODUCT_BUNDLE_IDENTIFIER = "Shaoting-Zhou.RuntimeUITests";
				PRODUCT_NAME = "$(TARGET_NAME)";
				TARGETED_DEVICE_FAMILY = "1,2";
				TEST_TARGET_NAME = Runtime;
			};
			name = Debug;
		};
		6C9097E51F985C440003F18E /* Release */ = {
			isa = XCBuildConfiguration;
			buildSettings = {
				CODE_SIGN_STYLE = Automatic;
				DEVELOPMENT_TEAM = U4629HP3VA;
				INFOPLIST_FILE = RuntimeUITests/Info.plist;
				LD_RUNPATH_SEARCH_PATHS = "$(inherited) @executable_path/Frameworks @loader_path/Frameworks";
				PRODUCT_BUNDLE_IDENTIFIER = "Shaoting-Zhou.RuntimeUITests";
				PRODUCT_NAME = "$(TARGET_NAME)";
				TARGETED_DEVICE_FAMILY = "1,2";
				TEST_TARGET_NAME = Runtime;
			};
			name = Release;
		};
/* End XCBuildConfiguration section */

/* Begin XCConfigurationList section */
		6C9097AC1F985C440003F18E /* Build configuration list for PBXProject "Runtime" */ = {
			isa = XCConfigurationList;
			buildConfigurations = (
				6C9097DB1F985C440003F18E /* Debug */,
				6C9097DC1F985C440003F18E /* Release */,
			);
			defaultConfigurationIsVisible = 0;
			defaultConfigurationName = Release;
		};
		6C9097DD1F985C440003F18E /* Build configuration list for PBXNativeTarget "Runtime" */ = {
			isa = XCConfigurationList;
			buildConfigurations = (
				6C9097DE1F985C440003F18E /* Debug */,
				6C9097DF1F985C440003F18E /* Release */,
			);
			defaultConfigurationIsVisible = 0;
			defaultConfigurationName = Release;
		};
		6C9097E01F985C440003F18E /* Build configuration list for PBXNativeTarget "RuntimeTests" */ = {
			isa = XCConfigurationList;
			buildConfigurations = (
				6C9097E11F985C440003F18E /* Debug */,
				6C9097E21F985C440003F18E /* Release */,
			);
			defaultConfigurationIsVisible = 0;
			defaultConfigurationName = Release;
		};
		6C9097E31F985C440003F18E /* Build configuration list for PBXNativeTarget "RuntimeUITests" */ = {
			isa = XCConfigurationList;
			buildConfigurations = (
				6C9097E41F985C440003F18E /* Debug */,
				6C9097E51F985C440003F18E /* Release */,
			);
			defaultConfigurationIsVisible = 0;
			defaultConfigurationName = Release;
		};
/* End XCConfigurationList section */
	};
	rootObject = 6C9097A91F985C440003F18E /* Project object */;
}
